<?xml version="1.0" encoding="UTF-8" standalone="yes" ?>
<CodeBlocks_project_file>
	<FileVersion major="1" minor="6" />
	<Project>
		<Option title="Paint" />
		<Option pch_mode="2" />
		<Option compiler="gcc" />
		<Build>
			<Target title="Debug">
				<Option output="bin/Debug/Paint" prefix_auto="1" extension_auto="1" />
				<Option object_output="obj/Debug/" />
				<Option type="1" />
				<Option compiler="gcc" />
				<Compiler>
					<Add option="-g" />
					<Add directory="/usr/include/freetype2/" />
				</Compiler>
				<Linker>
					<Add option="-lGL" />
					<Add option="-lGLU" />
					<Add option="-lglut" />
					<Add option="-lm" />
					<Add option="-lfreetype" />
				</Linker>
			</Target>
			<Target title="Release">
				<Option output="bin/Release/Paint" prefix_auto="1" extension_auto="1" />
				<Option object_output="obj/Release/" />
				<Option type="1" />
				<Option compiler="gcc" />
				<Compiler>
					<Add option="-O2" />
				</Compiler>
				<Linker>
					<Add option="-s" />
				</Linker>
			</Target>
		</Build>
		<Compiler>
			<Add option="-Wall" />
		</Compiler>
		<Unit filename="LDE.c">
			<Option compilerVar="CC" />
		</Unit>
		<Unit filename="LDE.h" />
		<Unit filename="Structures.c">
			<Option compilerVar="CC" />
		</Unit>
		<Unit filename="Structures.h" />
		<Unit filename="line-segment.png" />
		<Unit filename="main.c">
			<Option compilerVar="CC" />
		</Unit>
		<Unit filename="pencil.png" />
		<Unit filename="polygon.png" />
		<Unit filename="selection.png" />
		<Unit filename="stb_image.h" />
		<Unit filename="texture_loader.c">
			<Option compilerVar="CC" />
		</Unit>
		<Unit filename="texture_loader.h" />
		<Extensions />
	</Project>
</CodeBlocks_project_file>
